{
  "name": "wx_takephoto-master",
  "version": "1.0.0",
  "lockfileVersion": 1,
  "requires": true,
  "dependencies": {
    "dayjs": {
      "version": "1.10.5",
      "resolved": "https://registry.nlark.com/dayjs/download/dayjs-1.10.5.tgz?cache=0&sync_timestamp=1622012271727&other_urls=https%3A%2F%2Fregistry.nlark.com%2Fdayjs%2Fdownload%2Fdayjs-1.10.5.tgz",
      "integrity": "sha1-VgDfRUj8JFOz8WPrsqu+llzPuYY="
    },
    "moment": {
      "version": "2.29.1",
      "resolved": "https://registry.npm.taobao.org/moment/download/moment-2.29.1.tgz?cache=0&sync_timestamp=1601983423917&other_urls=https%3A%2F%2Fregistry.npm.taobao.org%2Fmoment%2Fdownload%2Fmoment-2.29.1.tgz",
      "integrity": "sha1-sr52n6MZQL6e7qZGnAdeNQBvo9M="
    }
  }
}
